
Microsoft Visual Studio Solution File, Format Version 12.00
# Visual Studio Version 17
VisualStudioVersion = 17.5.002.0
MinimumVisualStudioVersion = 10.0.40219.1
Project("{9A19103F-16F7-4668-BE54-9A1E7A4F7556}") = "DriversAppApp", "src\DriversAppApp.csproj", "{3EE07418-FF0B-4CAE-93CD-BAB8DC4ABD7E}"
EndProject
Global
	GlobalSection(SolutionConfigurationPlatforms) = preSolution
		Debug|Any CPU = Debug|Any CPU
		Release|Any CPU = Release|Any CPU
	EndGlobalSection
	GlobalSection(ProjectConfigurationPlatforms) = postSolution
		{3EE07418-FF0B-4CAE-93CD-BAB8DC4ABD7E}.Debug|Any CPU.ActiveCfg = Debug|Any CPU
		{3EE07418-FF0B-4CAE-93CD-BAB8DC4ABD7E}.Debug|Any CPU.Build.0 = Debug|Any CPU
		{3EE07418-FF0B-4CAE-93CD-BAB8DC4ABD7E}.Release|Any CPU.ActiveCfg = Release|Any CPU
		{3EE07418-FF0B-4CAE-93CD-BAB8DC4ABD7E}.Release|Any CPU.Build.0 = Release|Any CPU
	EndGlobalSection
	GlobalSection(SolutionProperties) = preSolution
		HideSolutionNode = FALSE
	EndGlobalSection
	GlobalSection(ExtensibilityGlobals) = postSolution
		SolutionGuid = {0123C815-6FA8-42AD-A514-A985D0B766A2}
	EndGlobalSection
EndGlobal
